
Microsoft Visual Studio Solution File, Format Version 11.00
# Visual Studio 2010
Project("{FAE04EC0-301F-11D3-BF4B-00C04F79EFBC}") = "CV.Cache", "Cache\CV.Cache\CV.Cache.csproj", "{83C1EDC3-D1B9-4114-9B9C-5307AA80D4CC}"
EndProject
Project("{FAE04EC0-301F-11D3-BF4B-00C04F79EFBC}") = "CV.Global", "Global\CV.Global\CV.Global.csproj", "{00600807-856B-4DB5-9A7A-2D4A005785C9}"
EndProject
Project("{FAE04EC0-301F-11D3-BF4B-00C04F79EFBC}") = "CV.Configuration", "Configuration\CV.Configuration\CV.Configuration.csproj", "{25910351-876C-46D1-9792-A2416F2501CE}"
EndProject
Project("{FAE04EC0-301F-11D3-BF4B-00C04F79EFBC}") = "CV.Logging", "Logging\CV.Logging\CV.Logging.csproj", "{FD1B5EC9-9B1E-4116-9FC0-67A43DC0DEAE}"
EndProject
Project("{FAE04EC0-301F-11D3-BF4B-00C04F79EFBC}") = "CV.Files", "Files\CV.Files\CV.Files.csproj", "{1062545F-8F71-424A-8608-1C5C06CE1912}"
EndProject
Project("{FAE04EC0-301F-11D3-BF4B-00C04F79EFBC}") = "CV.Database", "Database\CV.Database\CV.Database.csproj", "{E4DBB8A0-9B56-479D-A3EA-548F89516D52}"
EndProject
Project("{FAE04EC0-301F-11D3-BF4B-00C04F79EFBC}") = "CV.Database.Provider", "Database\CV.Database.Provider\CV.Database.Provider.csproj", "{1B9073EA-6008-483B-85D6-852EB2D37002}"
EndProject
Project("{FAE04EC0-301F-11D3-BF4B-00C04F79EFBC}") = "CV.Database.Provider.Microsoft", "Database\CV.Database.Microsoft\CV.Database.Provider.Microsoft.csproj", "{FE3891C6-37DC-4D33-A2D1-5C4174155E32}"
EndProject
Project("{2150E333-8FDC-42A3-9474-1A3956D46DE8}") = "Solution Items", "Solution Items", "{55335670-BA11-456C-AEB6-FE5A49DD1929}"
EndProject
Project("{FAE04EC0-301F-11D3-BF4B-00C04F79EFBC}") = "CV.FTP", "Files\CV.FTP\CV.FTP.csproj", "{00B5D0A1-20FF-4F27-A9F5-C45E15B17F4F}"
EndProject
Project("{FAE04EC0-301F-11D3-BF4B-00C04F79EFBC}") = "CV.Utility.DbSetup", "Utility\CV.Utility.DbSetup\CV.Utility.DbSetup.csproj", "{0DD7B4E7-2664-4ED2-9951-B96A3DE305C4}"
EndProject
Project("{FAE04EC0-301F-11D3-BF4B-00C04F79EFBC}") = "CV.Wpf.Controls", "Controls\CV.Wpf.Controls\CV.Wpf.Controls.csproj", "{E860EF8E-1AF2-417A-B656-89A466D04B90}"
EndProject
Project("{FAE04EC0-301F-11D3-BF4B-00C04F79EFBC}") = "CV.Utility.TraceViewer", "Utility\CV.Utility.TraceViewer\CV.Utility.TraceViewer.csproj", "{3DE93A5C-F4D8-447E-A5B1-B889432DAD70}"
EndProject
Project("{FAE04EC0-301F-11D3-BF4B-00C04F79EFBC}") = "CV.Test.Tracing", "Testing\CV.Test.Tracing\CV.Test.Tracing.csproj", "{4B65ED22-A7AA-4540-9608-F5F9D26115C8}"
EndProject
Project("{FAE04EC0-301F-11D3-BF4B-00C04F79EFBC}") = "CV.Utility.Testing", "Utility\CV.Utility.Testing\CV.Utility.Testing.csproj", "{113BB53F-B000-401E-A443-3E62E949648E}"
EndProject
Global
	GlobalSection(SolutionConfigurationPlatforms) = preSolution
		Debug|Any CPU = Debug|Any CPU
		Debug|Mixed Platforms = Debug|Mixed Platforms
		Debug|x86 = Debug|x86
		Release|Any CPU = Release|Any CPU
		Release|Mixed Platforms = Release|Mixed Platforms
		Release|x86 = Release|x86
	EndGlobalSection
	GlobalSection(ProjectConfigurationPlatforms) = postSolution
		{83C1EDC3-D1B9-4114-9B9C-5307AA80D4CC}.Debug|Any CPU.ActiveCfg = Debug|Any CPU
		{83C1EDC3-D1B9-4114-9B9C-5307AA80D4CC}.Debug|Any CPU.Build.0 = Debug|Any CPU
		{83C1EDC3-D1B9-4114-9B9C-5307AA80D4CC}.Debug|Mixed Platforms.ActiveCfg = Debug|Any CPU
		{83C1EDC3-D1B9-4114-9B9C-5307AA80D4CC}.Debug|Mixed Platforms.Build.0 = Debug|Any CPU
		{83C1EDC3-D1B9-4114-9B9C-5307AA80D4CC}.Debug|x86.ActiveCfg = Debug|Any CPU
		{83C1EDC3-D1B9-4114-9B9C-5307AA80D4CC}.Release|Any CPU.ActiveCfg = Release|Any CPU
		{83C1EDC3-D1B9-4114-9B9C-5307AA80D4CC}.Release|Any CPU.Build.0 = Release|Any CPU
		{83C1EDC3-D1B9-4114-9B9C-5307AA80D4CC}.Release|Mixed Platforms.ActiveCfg = Release|Any CPU
		{83C1EDC3-D1B9-4114-9B9C-5307AA80D4CC}.Release|Mixed Platforms.Build.0 = Release|Any CPU
		{83C1EDC3-D1B9-4114-9B9C-5307AA80D4CC}.Release|x86.ActiveCfg = Release|Any CPU
		{00600807-856B-4DB5-9A7A-2D4A005785C9}.Debug|Any CPU.ActiveCfg = Debug|Any CPU
		{00600807-856B-4DB5-9A7A-2D4A005785C9}.Debug|Any CPU.Build.0 = Debug|Any CPU
		{00600807-856B-4DB5-9A7A-2D4A005785C9}.Debug|Mixed Platforms.ActiveCfg = Debug|Any CPU
		{00600807-856B-4DB5-9A7A-2D4A005785C9}.Debug|Mixed Platforms.Build.0 = Debug|Any CPU
		{00600807-856B-4DB5-9A7A-2D4A005785C9}.Debug|x86.ActiveCfg = Debug|Any CPU
		{00600807-856B-4DB5-9A7A-2D4A005785C9}.Release|Any CPU.ActiveCfg = Release|Any CPU
		{00600807-856B-4DB5-9A7A-2D4A005785C9}.Release|Any CPU.Build.0 = Release|Any CPU
		{00600807-856B-4DB5-9A7A-2D4A005785C9}.Release|Mixed Platforms.ActiveCfg = Release|Any CPU
		{00600807-856B-4DB5-9A7A-2D4A005785C9}.Release|Mixed Platforms.Build.0 = Release|Any CPU
		{00600807-856B-4DB5-9A7A-2D4A005785C9}.Release|x86.ActiveCfg = Release|Any CPU
		{25910351-876C-46D1-9792-A2416F2501CE}.Debug|Any CPU.ActiveCfg = Debug|Any CPU
		{25910351-876C-46D1-9792-A2416F2501CE}.Debug|Any CPU.Build.0 = Debug|Any CPU
		{25910351-876C-46D1-9792-A2416F2501CE}.Debug|Mixed Platforms.ActiveCfg = Debug|Any CPU
		{25910351-876C-46D1-9792-A2416F2501CE}.Debug|Mixed Platforms.Build.0 = Debug|Any CPU
		{25910351-876C-46D1-9792-A2416F2501CE}.Debug|x86.ActiveCfg = Debug|Any CPU
		{25910351-876C-46D1-9792-A2416F2501CE}.Release|Any CPU.ActiveCfg = Release|Any CPU
		{25910351-876C-46D1-9792-A2416F2501CE}.Release|Any CPU.Build.0 = Release|Any CPU
		{25910351-876C-46D1-9792-A2416F2501CE}.Release|Mixed Platforms.ActiveCfg = Release|Any CPU
		{25910351-876C-46D1-9792-A2416F2501CE}.Release|Mixed Platforms.Build.0 = Release|Any CPU
		{25910351-876C-46D1-9792-A2416F2501CE}.Release|x86.ActiveCfg = Release|Any CPU
		{FD1B5EC9-9B1E-4116-9FC0-67A43DC0DEAE}.Debug|Any CPU.ActiveCfg = Debug|Any CPU
		{FD1B5EC9-9B1E-4116-9FC0-67A43DC0DEAE}.Debug|Any CPU.Build.0 = Debug|Any CPU
		{FD1B5EC9-9B1E-4116-9FC0-67A43DC0DEAE}.Debug|Mixed Platforms.ActiveCfg = Debug|Any CPU
		{FD1B5EC9-9B1E-4116-9FC0-67A43DC0DEAE}.Debug|Mixed Platforms.Build.0 = Debug|Any CPU
		{FD1B5EC9-9B1E-4116-9FC0-67A43DC0DEAE}.Debug|x86.ActiveCfg = Debug|Any CPU
		{FD1B5EC9-9B1E-4116-9FC0-67A43DC0DEAE}.Release|Any CPU.ActiveCfg = Release|Any CPU
		{FD1B5EC9-9B1E-4116-9FC0-67A43DC0DEAE}.Release|Any CPU.Build.0 = Release|Any CPU
		{FD1B5EC9-9B1E-4116-9FC0-67A43DC0DEAE}.Release|Mixed Platforms.ActiveCfg = Release|Any CPU
		{FD1B5EC9-9B1E-4116-9FC0-67A43DC0DEAE}.Release|Mixed Platforms.Build.0 = Release|Any CPU
		{FD1B5EC9-9B1E-4116-9FC0-67A43DC0DEAE}.Release|x86.ActiveCfg = Release|Any CPU
		{1062545F-8F71-424A-8608-1C5C06CE1912}.Debug|Any CPU.ActiveCfg = Debug|Any CPU
		{1062545F-8F71-424A-8608-1C5C06CE1912}.Debug|Any CPU.Build.0 = Debug|Any CPU
		{1062545F-8F71-424A-8608-1C5C06CE1912}.Debug|Mixed Platforms.ActiveCfg = Debug|Any CPU
		{1062545F-8F71-424A-8608-1C5C06CE1912}.Debug|Mixed Platforms.Build.0 = Debug|Any CPU
		{1062545F-8F71-424A-8608-1C5C06CE1912}.Debug|x86.ActiveCfg = Debug|Any CPU
		{1062545F-8F71-424A-8608-1C5C06CE1912}.Release|Any CPU.ActiveCfg = Release|Any CPU
		{1062545F-8F71-424A-8608-1C5C06CE1912}.Release|Any CPU.Build.0 = Release|Any CPU
		{1062545F-8F71-424A-8608-1C5C06CE1912}.Release|Mixed Platforms.ActiveCfg = Release|Any CPU
		{1062545F-8F71-424A-8608-1C5C06CE1912}.Release|Mixed Platforms.Build.0 = Release|Any CPU
		{1062545F-8F71-424A-8608-1C5C06CE1912}.Release|x86.ActiveCfg = Release|Any CPU
		{E4DBB8A0-9B56-479D-A3EA-548F89516D52}.Debug|Any CPU.ActiveCfg = Debug|Any CPU
		{E4DBB8A0-9B56-479D-A3EA-548F89516D52}.Debug|Any CPU.Build.0 = Debug|Any CPU
		{E4DBB8A0-9B56-479D-A3EA-548F89516D52}.Debug|Mixed Platforms.ActiveCfg = Debug|Any CPU
		{E4DBB8A0-9B56-479D-A3EA-548F89516D52}.Debug|Mixed Platforms.Build.0 = Debug|Any CPU
		{E4DBB8A0-9B56-479D-A3EA-548F89516D52}.Debug|x86.ActiveCfg = Debug|Any CPU
		{E4DBB8A0-9B56-479D-A3EA-548F89516D52}.Release|Any CPU.ActiveCfg = Release|Any CPU
		{E4DBB8A0-9B56-479D-A3EA-548F89516D52}.Release|Any CPU.Build.0 = Release|Any CPU
		{E4DBB8A0-9B56-479D-A3EA-548F89516D52}.Release|Mixed Platforms.ActiveCfg = Release|Any CPU
		{E4DBB8A0-9B56-479D-A3EA-548F89516D52}.Release|Mixed Platforms.Build.0 = Release|Any CPU
		{E4DBB8A0-9B56-479D-A3EA-548F89516D52}.Release|x86.ActiveCfg = Release|Any CPU
		{1B9073EA-6008-483B-85D6-852EB2D37002}.Debug|Any CPU.ActiveCfg = Debug|Any CPU
		{1B9073EA-6008-483B-85D6-852EB2D37002}.Debug|Any CPU.Build.0 = Debug|Any CPU
		{1B9073EA-6008-483B-85D6-852EB2D37002}.Debug|Mixed Platforms.ActiveCfg = Debug|Any CPU
		{1B9073EA-6008-483B-85D6-852EB2D37002}.Debug|Mixed Platforms.Build.0 = Debug|Any CPU
		{1B9073EA-6008-483B-85D6-852EB2D37002}.Debug|x86.ActiveCfg = Debug|Any CPU
		{1B9073EA-6008-483B-85D6-852EB2D37002}.Release|Any CPU.ActiveCfg = Release|Any CPU
		{1B9073EA-6008-483B-85D6-852EB2D37002}.Release|Any CPU.Build.0 = Release|Any CPU
		{1B9073EA-6008-483B-85D6-852EB2D37002}.Release|Mixed Platforms.ActiveCfg = Release|Any CPU
		{1B9073EA-6008-483B-85D6-852EB2D37002}.Release|Mixed Platforms.Build.0 = Release|Any CPU
		{1B9073EA-6008-483B-85D6-852EB2D37002}.Release|x86.ActiveCfg = Release|Any CPU
		{FE3891C6-37DC-4D33-A2D1-5C4174155E32}.Debug|Any CPU.ActiveCfg = Debug|Any CPU
		{FE3891C6-37DC-4D33-A2D1-5C4174155E32}.Debug|Any CPU.Build.0 = Debug|Any CPU
		{FE3891C6-37DC-4D33-A2D1-5C4174155E32}.Debug|Mixed Platforms.ActiveCfg = Debug|Any CPU
		{FE3891C6-37DC-4D33-A2D1-5C4174155E32}.Debug|Mixed Platforms.Build.0 = Debug|Any CPU
		{FE3891C6-37DC-4D33-A2D1-5C4174155E32}.Debug|x86.ActiveCfg = Debug|Any CPU
		{FE3891C6-37DC-4D33-A2D1-5C4174155E32}.Release|Any CPU.ActiveCfg = Release|Any CPU
		{FE3891C6-37DC-4D33-A2D1-5C4174155E32}.Release|Any CPU.Build.0 = Release|Any CPU
		{FE3891C6-37DC-4D33-A2D1-5C4174155E32}.Release|Mixed Platforms.ActiveCfg = Release|Any CPU
		{FE3891C6-37DC-4D33-A2D1-5C4174155E32}.Release|Mixed Platforms.Build.0 = Release|Any CPU
		{FE3891C6-37DC-4D33-A2D1-5C4174155E32}.Release|x86.ActiveCfg = Release|Any CPU
		{00B5D0A1-20FF-4F27-A9F5-C45E15B17F4F}.Debug|Any CPU.ActiveCfg = Debug|Any CPU
		{00B5D0A1-20FF-4F27-A9F5-C45E15B17F4F}.Debug|Any CPU.Build.0 = Debug|Any CPU
		{00B5D0A1-20FF-4F27-A9F5-C45E15B17F4F}.Debug|Mixed Platforms.ActiveCfg = Debug|Any CPU
		{00B5D0A1-20FF-4F27-A9F5-C45E15B17F4F}.Debug|Mixed Platforms.Build.0 = Debug|Any CPU
		{00B5D0A1-20FF-4F27-A9F5-C45E15B17F4F}.Debug|x86.ActiveCfg = Debug|Any CPU
		{00B5D0A1-20FF-4F27-A9F5-C45E15B17F4F}.Release|Any CPU.ActiveCfg = Release|Any CPU
		{00B5D0A1-20FF-4F27-A9F5-C45E15B17F4F}.Release|Any CPU.Build.0 = Release|Any CPU
		{00B5D0A1-20FF-4F27-A9F5-C45E15B17F4F}.Release|Mixed Platforms.ActiveCfg = Release|Any CPU
		{00B5D0A1-20FF-4F27-A9F5-C45E15B17F4F}.Release|Mixed Platforms.Build.0 = Release|Any CPU
		{00B5D0A1-20FF-4F27-A9F5-C45E15B17F4F}.Release|x86.ActiveCfg = Release|Any CPU
		{0DD7B4E7-2664-4ED2-9951-B96A3DE305C4}.Debug|Any CPU.ActiveCfg = Debug|x86
		{0DD7B4E7-2664-4ED2-9951-B96A3DE305C4}.Debug|Mixed Platforms.ActiveCfg = Debug|x86
		{0DD7B4E7-2664-4ED2-9951-B96A3DE305C4}.Debug|Mixed Platforms.Build.0 = Debug|x86
		{0DD7B4E7-2664-4ED2-9951-B96A3DE305C4}.Debug|x86.ActiveCfg = Debug|x86
		{0DD7B4E7-2664-4ED2-9951-B96A3DE305C4}.Debug|x86.Build.0 = Debug|x86
		{0DD7B4E7-2664-4ED2-9951-B96A3DE305C4}.Release|Any CPU.ActiveCfg = Release|x86
		{0DD7B4E7-2664-4ED2-9951-B96A3DE305C4}.Release|Mixed Platforms.ActiveCfg = Release|x86
		{0DD7B4E7-2664-4ED2-9951-B96A3DE305C4}.Release|Mixed Platforms.Build.0 = Release|x86
		{0DD7B4E7-2664-4ED2-9951-B96A3DE305C4}.Release|x86.ActiveCfg = Release|x86
		{0DD7B4E7-2664-4ED2-9951-B96A3DE305C4}.Release|x86.Build.0 = Release|x86
		{E860EF8E-1AF2-417A-B656-89A466D04B90}.Debug|Any CPU.ActiveCfg = Debug|Any CPU
		{E860EF8E-1AF2-417A-B656-89A466D04B90}.Debug|Any CPU.Build.0 = Debug|Any CPU
		{E860EF8E-1AF2-417A-B656-89A466D04B90}.Debug|Mixed Platforms.ActiveCfg = Debug|Any CPU
		{E860EF8E-1AF2-417A-B656-89A466D04B90}.Debug|Mixed Platforms.Build.0 = Debug|Any CPU
		{E860EF8E-1AF2-417A-B656-89A466D04B90}.Debug|x86.ActiveCfg = Debug|Any CPU
		{E860EF8E-1AF2-417A-B656-89A466D04B90}.Release|Any CPU.ActiveCfg = Release|Any CPU
		{E860EF8E-1AF2-417A-B656-89A466D04B90}.Release|Any CPU.Build.0 = Release|Any CPU
		{E860EF8E-1AF2-417A-B656-89A466D04B90}.Release|Mixed Platforms.ActiveCfg = Release|Any CPU
		{E860EF8E-1AF2-417A-B656-89A466D04B90}.Release|Mixed Platforms.Build.0 = Release|Any CPU
		{E860EF8E-1AF2-417A-B656-89A466D04B90}.Release|x86.ActiveCfg = Release|Any CPU
		{3DE93A5C-F4D8-447E-A5B1-B889432DAD70}.Debug|Any CPU.ActiveCfg = Debug|x86
		{3DE93A5C-F4D8-447E-A5B1-B889432DAD70}.Debug|Mixed Platforms.ActiveCfg = Debug|x86
		{3DE93A5C-F4D8-447E-A5B1-B889432DAD70}.Debug|Mixed Platforms.Build.0 = Debug|x86
		{3DE93A5C-F4D8-447E-A5B1-B889432DAD70}.Debug|x86.ActiveCfg = Debug|x86
		{3DE93A5C-F4D8-447E-A5B1-B889432DAD70}.Debug|x86.Build.0 = Debug|x86
		{3DE93A5C-F4D8-447E-A5B1-B889432DAD70}.Release|Any CPU.ActiveCfg = Release|x86
		{3DE93A5C-F4D8-447E-A5B1-B889432DAD70}.Release|Mixed Platforms.ActiveCfg = Release|x86
		{3DE93A5C-F4D8-447E-A5B1-B889432DAD70}.Release|Mixed Platforms.Build.0 = Release|x86
		{3DE93A5C-F4D8-447E-A5B1-B889432DAD70}.Release|x86.ActiveCfg = Release|x86
		{3DE93A5C-F4D8-447E-A5B1-B889432DAD70}.Release|x86.Build.0 = Release|x86
		{4B65ED22-A7AA-4540-9608-F5F9D26115C8}.Debug|Any CPU.ActiveCfg = Debug|x86
		{4B65ED22-A7AA-4540-9608-F5F9D26115C8}.Debug|Mixed Platforms.ActiveCfg = Debug|x86
		{4B65ED22-A7AA-4540-9608-F5F9D26115C8}.Debug|Mixed Platforms.Build.0 = Debug|x86
		{4B65ED22-A7AA-4540-9608-F5F9D26115C8}.Debug|x86.ActiveCfg = Debug|x86
		{4B65ED22-A7AA-4540-9608-F5F9D26115C8}.Debug|x86.Build.0 = Debug|x86
		{4B65ED22-A7AA-4540-9608-F5F9D26115C8}.Release|Any CPU.ActiveCfg = Release|x86
		{4B65ED22-A7AA-4540-9608-F5F9D26115C8}.Release|Mixed Platforms.ActiveCfg = Release|x86
		{4B65ED22-A7AA-4540-9608-F5F9D26115C8}.Release|Mixed Platforms.Build.0 = Release|x86
		{4B65ED22-A7AA-4540-9608-F5F9D26115C8}.Release|x86.ActiveCfg = Release|x86
		{4B65ED22-A7AA-4540-9608-F5F9D26115C8}.Release|x86.Build.0 = Release|x86
		{113BB53F-B000-401E-A443-3E62E949648E}.Debug|Any CPU.ActiveCfg = Debug|x86
		{113BB53F-B000-401E-A443-3E62E949648E}.Debug|Mixed Platforms.ActiveCfg = Debug|x86
		{113BB53F-B000-401E-A443-3E62E949648E}.Debug|Mixed Platforms.Build.0 = Debug|x86
		{113BB53F-B000-401E-A443-3E62E949648E}.Debug|x86.ActiveCfg = Debug|x86
		{113BB53F-B000-401E-A443-3E62E949648E}.Debug|x86.Build.0 = Debug|x86
		{113BB53F-B000-401E-A443-3E62E949648E}.Release|Any CPU.ActiveCfg = Release|x86
		{113BB53F-B000-401E-A443-3E62E949648E}.Release|Mixed Platforms.ActiveCfg = Release|x86
		{113BB53F-B000-401E-A443-3E62E949648E}.Release|Mixed Platforms.Build.0 = Release|x86
		{113BB53F-B000-401E-A443-3E62E949648E}.Release|x86.ActiveCfg = Release|x86
		{113BB53F-B000-401E-A443-3E62E949648E}.Release|x86.Build.0 = Release|x86
	EndGlobalSection
	GlobalSection(SolutionProperties) = preSolution
		HideSolutionNode = FALSE
	EndGlobalSection
EndGlobal
